
Microsoft Visual Studio Solution File, Format Version 12.00
# Visual Studio Version 17
VisualStudioVersion = 17.10.35027.167
MinimumVisualStudioVersion = 10.0.40219.1
Project("{FAE04EC0-301F-11D3-BF4B-00C04F79EFBC}") = "DatabaseFirstEFCore_WebAPI_Consume", "DatabaseFirstEFCore_WebAPI_Consume\DatabaseFirstEFCore_WebAPI_Consume.csproj", "{1C234334-8B74-46DE-83DA-B4E1356F1CA2}"
EndProject
Global
	GlobalSection(SolutionConfigurationPlatforms) = preSolution
		Debug|Any CPU = Debug|Any CPU
		Release|Any CPU = Release|Any CPU
	EndGlobalSection
	GlobalSection(ProjectConfigurationPlatforms) = postSolution
		{1C234334-8B74-46DE-83DA-B4E1356F1CA2}.Debug|Any CPU.ActiveCfg = Debug|Any CPU
		{1C234334-8B74-46DE-83DA-B4E1356F1CA2}.Debug|Any CPU.Build.0 = Debug|Any CPU
		{1C234334-8B74-46DE-83DA-B4E1356F1CA2}.Release|Any CPU.ActiveCfg = Release|Any CPU
		{1C234334-8B74-46DE-83DA-B4E1356F1CA2}.Release|Any CPU.Build.0 = Release|Any CPU
	EndGlobalSection
	GlobalSection(SolutionProperties) = preSolution
		HideSolutionNode = FALSE
	EndGlobalSection
	GlobalSection(ExtensibilityGlobals) = postSolution
		SolutionGuid = {AD2E84D7-9351-497A-87C9-D8518445C792}
	EndGlobalSection
EndGlobal
